
Microsoft Visual Studio Solution File, Format Version 12.00
# Visual Studio Version 17
VisualStudioVersion = 17.8.34330.188
MinimumVisualStudioVersion = 10.0.40219.1
Project("{9A19103F-16F7-4668-BE54-9A1E7A4F7556}") = "OrderTracker", "OrderTracker\OrderTracker.csproj", "{1C710D40-68AB-4768-9655-0617787B6322}"
EndProject
Project("{9A19103F-16F7-4668-BE54-9A1E7A4F7556}") = "Infrastructure", "Infrastructure\Infrastructure.csproj", "{206CE73F-6871-4EC8-8A0D-64F25A8AD66B}"
EndProject
Project("{9A19103F-16F7-4668-BE54-9A1E7A4F7556}") = "Models", "Models\Models.csproj", "{EC36D565-FCC5-4AA9-B2A6-EEF01FAAF2A2}"
EndProject
Project("{9A19103F-16F7-4668-BE54-9A1E7A4F7556}") = "ApplicationCore", "ApplicationCore\ApplicationCore.csproj", "{579FA6FD-67D1-42F4-BBC6-30E9E1FDF7B2}"
EndProject
Project("{FAE04EC0-301F-11D3-BF4B-00C04F79EFBC}") = "Client", "Client\Client.csproj", "{12ABBC40-0779-4AA7-9560-D448722288DB}"
EndProject
Global
	GlobalSection(SolutionConfigurationPlatforms) = preSolution
		Debug|Any CPU = Debug|Any CPU
		Release|Any CPU = Release|Any CPU
	EndGlobalSection
	GlobalSection(ProjectConfigurationPlatforms) = postSolution
		{1C710D40-68AB-4768-9655-0617787B6322}.Debug|Any CPU.ActiveCfg = Debug|Any CPU
		{1C710D40-68AB-4768-9655-0617787B6322}.Debug|Any CPU.Build.0 = Debug|Any CPU
		{1C710D40-68AB-4768-9655-0617787B6322}.Release|Any CPU.ActiveCfg = Release|Any CPU
		{1C710D40-68AB-4768-9655-0617787B6322}.Release|Any CPU.Build.0 = Release|Any CPU
		{206CE73F-6871-4EC8-8A0D-64F25A8AD66B}.Debug|Any CPU.ActiveCfg = Debug|Any CPU
		{206CE73F-6871-4EC8-8A0D-64F25A8AD66B}.Debug|Any CPU.Build.0 = Debug|Any CPU
		{206CE73F-6871-4EC8-8A0D-64F25A8AD66B}.Release|Any CPU.ActiveCfg = Release|Any CPU
		{206CE73F-6871-4EC8-8A0D-64F25A8AD66B}.Release|Any CPU.Build.0 = Release|Any CPU
		{EC36D565-FCC5-4AA9-B2A6-EEF01FAAF2A2}.Debug|Any CPU.ActiveCfg = Debug|Any CPU
		{EC36D565-FCC5-4AA9-B2A6-EEF01FAAF2A2}.Debug|Any CPU.Build.0 = Debug|Any CPU
		{EC36D565-FCC5-4AA9-B2A6-EEF01FAAF2A2}.Release|Any CPU.ActiveCfg = Release|Any CPU
		{EC36D565-FCC5-4AA9-B2A6-EEF01FAAF2A2}.Release|Any CPU.Build.0 = Release|Any CPU
		{579FA6FD-67D1-42F4-BBC6-30E9E1FDF7B2}.Debug|Any CPU.ActiveCfg = Debug|Any CPU
		{579FA6FD-67D1-42F4-BBC6-30E9E1FDF7B2}.Debug|Any CPU.Build.0 = Debug|Any CPU
		{579FA6FD-67D1-42F4-BBC6-30E9E1FDF7B2}.Release|Any CPU.ActiveCfg = Release|Any CPU
		{579FA6FD-67D1-42F4-BBC6-30E9E1FDF7B2}.Release|Any CPU.Build.0 = Release|Any CPU
		{12ABBC40-0779-4AA7-9560-D448722288DB}.Debug|Any CPU.ActiveCfg = Debug|Any CPU
		{12ABBC40-0779-4AA7-9560-D448722288DB}.Debug|Any CPU.Build.0 = Debug|Any CPU
		{12ABBC40-0779-4AA7-9560-D448722288DB}.Release|Any CPU.ActiveCfg = Release|Any CPU
		{12ABBC40-0779-4AA7-9560-D448722288DB}.Release|Any CPU.Build.0 = Release|Any CPU
	EndGlobalSection
	GlobalSection(SolutionProperties) = preSolution
		HideSolutionNode = FALSE
	EndGlobalSection
	GlobalSection(ExtensibilityGlobals) = postSolution
		SolutionGuid = {3FAED46B-B260-4914-A488-3CFBB1A3CB4D}
	EndGlobalSection
EndGlobal
